
Microsoft Visual Studio Solution File, Format Version 12.00
# Visual Studio Version 17
VisualStudioVersion = 17.0.31903.59
MinimumVisualStudioVersion = 10.0.40219.1
Project("{2150E333-8FDC-42A3-9474-1A3956D46DE8}") = "src", "src", "{827E0CD3-B72D-47B6-A68D-7590B98EB39B}"
EndProject
Project("{FAE04EC0-301F-11D3-BF4B-00C04F79EFBC}") = "AuroraDesk.App", "src\AuroraDesk.App\AuroraDesk.App.csproj", "{877B9D8F-2AD3-47EB-902F-A142D8C08B03}"
EndProject
Project("{FAE04EC0-301F-11D3-BF4B-00C04F79EFBC}") = "AuroraDesk.Core", "src\AuroraDesk.Core\AuroraDesk.Core.csproj", "{2F4D10D5-3314-4E88-8F37-FD784FBCDAEF}"
EndProject
Project("{FAE04EC0-301F-11D3-BF4B-00C04F79EFBC}") = "AuroraDesk.Shared", "src\AuroraDesk.Shared\AuroraDesk.Shared.csproj", "{0EBF38B6-A2EB-4707-84C6-89E7896A79AD}"
EndProject
Project("{FAE04EC0-301F-11D3-BF4B-00C04F79EFBC}") = "AuroraDesk.Infrastructure", "src\AuroraDesk.Infrastructure\AuroraDesk.Infrastructure.csproj", "{4B4F1734-D1B0-48A1-87BE-7E992F60C9D9}"
EndProject
Project("{FAE04EC0-301F-11D3-BF4B-00C04F79EFBC}") = "AuroraDesk.Application", "src\AuroraDesk.Application\AuroraDesk.Application.csproj", "{B91881DF-4F7D-4C13-AF82-D32D9D1AC9EC}"
EndProject
Project("{FAE04EC0-301F-11D3-BF4B-00C04F79EFBC}") = "AuroraDesk.Runtime", "src\AuroraDesk.Runtime\AuroraDesk.Runtime.csproj", "{1CF67EFF-A94A-45A8-8712-7898DE02191C}"
EndProject
Project("{FAE04EC0-301F-11D3-BF4B-00C04F79EFBC}") = "AuroraDesk.Renderers.Image", "src\AuroraDesk.Renderers.Image\AuroraDesk.Renderers.Image.csproj", "{A43CA3EE-E2F7-4124-983E-C16023007796}"
EndProject
Project("{FAE04EC0-301F-11D3-BF4B-00C04F79EFBC}") = "AuroraDesk.Renderers.Video", "src\AuroraDesk.Renderers.Video\AuroraDesk.Renderers.Video.csproj", "{1B11859E-C8F7-4A12-AFE3-8E794A4B497B}"
EndProject
Project("{FAE04EC0-301F-11D3-BF4B-00C04F79EFBC}") = "AuroraDesk.Renderers.Html", "src\AuroraDesk.Renderers.Html\AuroraDesk.Renderers.Html.csproj", "{4AFA409F-AAB2-4F29-AA8D-CBB910005B79}"
EndProject
Global
	GlobalSection(SolutionConfigurationPlatforms) = preSolution
		Debug|Any CPU = Debug|Any CPU
		Debug|x64 = Debug|x64
		Debug|x86 = Debug|x86
		Release|Any CPU = Release|Any CPU
		Release|x64 = Release|x64
		Release|x86 = Release|x86
	EndGlobalSection
	GlobalSection(ProjectConfigurationPlatforms) = postSolution
		{2F4D10D5-3314-4E88-8F37-FD784FBCDAEF}.Debug|Any CPU.ActiveCfg = Debug|Any CPU
		{2F4D10D5-3314-4E88-8F37-FD784FBCDAEF}.Debug|Any CPU.Build.0 = Debug|Any CPU
		{2F4D10D5-3314-4E88-8F37-FD784FBCDAEF}.Debug|x64.ActiveCfg = Debug|Any CPU
		{2F4D10D5-3314-4E88-8F37-FD784FBCDAEF}.Debug|x64.Build.0 = Debug|Any CPU
		{2F4D10D5-3314-4E88-8F37-FD784FBCDAEF}.Debug|x86.ActiveCfg = Debug|Any CPU
		{2F4D10D5-3314-4E88-8F37-FD784FBCDAEF}.Debug|x86.Build.0 = Debug|Any CPU
		{2F4D10D5-3314-4E88-8F37-FD784FBCDAEF}.Release|Any CPU.ActiveCfg = Release|Any CPU
		{2F4D10D5-3314-4E88-8F37-FD784FBCDAEF}.Release|Any CPU.Build.0 = Release|Any CPU
		{2F4D10D5-3314-4E88-8F37-FD784FBCDAEF}.Release|x64.ActiveCfg = Release|Any CPU
		{2F4D10D5-3314-4E88-8F37-FD784FBCDAEF}.Release|x64.Build.0 = Release|Any CPU
		{2F4D10D5-3314-4E88-8F37-FD784FBCDAEF}.Release|x86.ActiveCfg = Release|Any CPU
		{2F4D10D5-3314-4E88-8F37-FD784FBCDAEF}.Release|x86.Build.0 = Release|Any CPU
		{0EBF38B6-A2EB-4707-84C6-89E7896A79AD}.Debug|Any CPU.ActiveCfg = Debug|Any CPU
		{0EBF38B6-A2EB-4707-84C6-89E7896A79AD}.Debug|Any CPU.Build.0 = Debug|Any CPU
		{0EBF38B6-A2EB-4707-84C6-89E7896A79AD}.Debug|x64.ActiveCfg = Debug|Any CPU
		{0EBF38B6-A2EB-4707-84C6-89E7896A79AD}.Debug|x64.Build.0 = Debug|Any CPU
		{0EBF38B6-A2EB-4707-84C6-89E7896A79AD}.Debug|x86.ActiveCfg = Debug|Any CPU
		{0EBF38B6-A2EB-4707-84C6-89E7896A79AD}.Debug|x86.Build.0 = Debug|Any CPU
		{0EBF38B6-A2EB-4707-84C6-89E7896A79AD}.Release|Any CPU.ActiveCfg = Release|Any CPU
		{0EBF38B6-A2EB-4707-84C6-89E7896A79AD}.Release|Any CPU.Build.0 = Release|Any CPU
		{0EBF38B6-A2EB-4707-84C6-89E7896A79AD}.Release|x64.ActiveCfg = Release|Any CPU
		{0EBF38B6-A2EB-4707-84C6-89E7896A79AD}.Release|x64.Build.0 = Release|Any CPU
		{0EBF38B6-A2EB-4707-84C6-89E7896A79AD}.Release|x86.ActiveCfg = Release|Any CPU
		{0EBF38B6-A2EB-4707-84C6-89E7896A79AD}.Release|x86.Build.0 = Release|Any CPU
		{4B4F1734-D1B0-48A1-87BE-7E992F60C9D9}.Debug|Any CPU.ActiveCfg = Debug|Any CPU
		{4B4F1734-D1B0-48A1-87BE-7E992F60C9D9}.Debug|Any CPU.Build.0 = Debug|Any CPU
		{4B4F1734-D1B0-48A1-87BE-7E992F60C9D9}.Debug|x64.ActiveCfg = Debug|Any CPU
		{4B4F1734-D1B0-48A1-87BE-7E992F60C9D9}.Debug|x64.Build.0 = Debug|Any CPU
		{4B4F1734-D1B0-48A1-87BE-7E992F60C9D9}.Debug|x86.ActiveCfg = Debug|Any CPU
		{4B4F1734-D1B0-48A1-87BE-7E992F60C9D9}.Debug|x86.Build.0 = Debug|Any CPU
		{4B4F1734-D1B0-48A1-87BE-7E992F60C9D9}.Release|Any CPU.ActiveCfg = Release|Any CPU
		{4B4F1734-D1B0-48A1-87BE-7E992F60C9D9}.Release|Any CPU.Build.0 = Release|Any CPU
		{4B4F1734-D1B0-48A1-87BE-7E992F60C9D9}.Release|x64.ActiveCfg = Release|Any CPU
		{4B4F1734-D1B0-48A1-87BE-7E992F60C9D9}.Release|x64.Build.0 = Release|Any CPU
		{4B4F1734-D1B0-48A1-87BE-7E992F60C9D9}.Release|x86.ActiveCfg = Release|Any CPU
		{4B4F1734-D1B0-48A1-87BE-7E992F60C9D9}.Release|x86.Build.0 = Release|Any CPU
		{B91881DF-4F7D-4C13-AF82-D32D9D1AC9EC}.Debug|Any CPU.ActiveCfg = Debug|Any CPU
		{B91881DF-4F7D-4C13-AF82-D32D9D1AC9EC}.Debug|Any CPU.Build.0 = Debug|Any CPU
		{B91881DF-4F7D-4C13-AF82-D32D9D1AC9EC}.Debug|x64.ActiveCfg = Debug|Any CPU
		{B91881DF-4F7D-4C13-AF82-D32D9D1AC9EC}.Debug|x64.Build.0 = Debug|Any CPU
		{B91881DF-4F7D-4C13-AF82-D32D9D1AC9EC}.Debug|x86.ActiveCfg = Debug|Any CPU
		{B91881DF-4F7D-4C13-AF82-D32D9D1AC9EC}.Debug|x86.Build.0 = Debug|Any CPU
		{B91881DF-4F7D-4C13-AF82-D32D9D1AC9EC}.Release|Any CPU.ActiveCfg = Release|Any CPU
		{B91881DF-4F7D-4C13-AF82-D32D9D1AC9EC}.Release|Any CPU.Build.0 = Release|Any CPU
		{B91881DF-4F7D-4C13-AF82-D32D9D1AC9EC}.Release|x64.ActiveCfg = Release|Any CPU
		{B91881DF-4F7D-4C13-AF82-D32D9D1AC9EC}.Release|x64.Build.0 = Release|Any CPU
		{B91881DF-4F7D-4C13-AF82-D32D9D1AC9EC}.Release|x86.ActiveCfg = Release|Any CPU
		{B91881DF-4F7D-4C13-AF82-D32D9D1AC9EC}.Release|x86.Build.0 = Release|Any CPU
		{1CF67EFF-A94A-45A8-8712-7898DE02191C}.Debug|Any CPU.ActiveCfg = Debug|Any CPU
		{1CF67EFF-A94A-45A8-8712-7898DE02191C}.Debug|Any CPU.Build.0 = Debug|Any CPU
		{1CF67EFF-A94A-45A8-8712-7898DE02191C}.Debug|x64.ActiveCfg = Debug|Any CPU
		{1CF67EFF-A94A-45A8-8712-7898DE02191C}.Debug|x64.Build.0 = Debug|Any CPU
		{1CF67EFF-A94A-45A8-8712-7898DE02191C}.Debug|x86.ActiveCfg = Debug|Any CPU
		{1CF67EFF-A94A-45A8-8712-7898DE02191C}.Debug|x86.Build.0 = Debug|Any CPU
		{1CF67EFF-A94A-45A8-8712-7898DE02191C}.Release|Any CPU.ActiveCfg = Release|Any CPU
		{1CF67EFF-A94A-45A8-8712-7898DE02191C}.Release|Any CPU.Build.0 = Release|Any CPU
		{1CF67EFF-A94A-45A8-8712-7898DE02191C}.Release|x64.ActiveCfg = Release|Any CPU
		{1CF67EFF-A94A-45A8-8712-7898DE02191C}.Release|x64.Build.0 = Release|Any CPU
		{1CF67EFF-A94A-45A8-8712-7898DE02191C}.Release|x86.ActiveCfg = Release|Any CPU
		{1CF67EFF-A94A-45A8-8712-7898DE02191C}.Release|x86.Build.0 = Release|Any CPU
		{A43CA3EE-E2F7-4124-983E-C16023007796}.Debug|Any CPU.ActiveCfg = Debug|Any CPU
		{A43CA3EE-E2F7-4124-983E-C16023007796}.Debug|Any CPU.Build.0 = Debug|Any CPU
		{A43CA3EE-E2F7-4124-983E-C16023007796}.Debug|x64.ActiveCfg = Debug|Any CPU
		{A43CA3EE-E2F7-4124-983E-C16023007796}.Debug|x64.Build.0 = Debug|Any CPU
		{A43CA3EE-E2F7-4124-983E-C16023007796}.Debug|x86.ActiveCfg = Debug|Any CPU
		{A43CA3EE-E2F7-4124-983E-C16023007796}.Debug|x86.Build.0 = Debug|Any CPU
		{A43CA3EE-E2F7-4124-983E-C16023007796}.Release|Any CPU.ActiveCfg = Release|Any CPU
		{A43CA3EE-E2F7-4124-983E-C16023007796}.Release|Any CPU.Build.0 = Release|Any CPU
		{A43CA3EE-E2F7-4124-983E-C16023007796}.Release|x64.ActiveCfg = Release|Any CPU
		{A43CA3EE-E2F7-4124-983E-C16023007796}.Release|x64.Build.0 = Release|Any CPU
		{A43CA3EE-E2F7-4124-983E-C16023007796}.Release|x86.ActiveCfg = Release|Any CPU
		{A43CA3EE-E2F7-4124-983E-C16023007796}.Release|x86.Build.0 = Release|Any CPU
		{1B11859E-C8F7-4A12-AFE3-8E794A4B497B}.Debug|Any CPU.ActiveCfg = Debug|Any CPU
		{1B11859E-C8F7-4A12-AFE3-8E794A4B497B}.Debug|Any CPU.Build.0 = Debug|Any CPU
		{1B11859E-C8F7-4A12-AFE3-8E794A4B497B}.Debug|x64.ActiveCfg = Debug|Any CPU
		{1B11859E-C8F7-4A12-AFE3-8E794A4B497B}.Debug|x64.Build.0 = Debug|Any CPU
		{1B11859E-C8F7-4A12-AFE3-8E794A4B497B}.Debug|x86.ActiveCfg = Debug|Any CPU
		{1B11859E-C8F7-4A12-AFE3-8E794A4B497B}.Debug|x86.Build.0 = Debug|Any CPU
		{1B11859E-C8F7-4A12-AFE3-8E794A4B497B}.Release|Any CPU.ActiveCfg = Release|Any CPU
		{1B11859E-C8F7-4A12-AFE3-8E794A4B497B}.Release|Any CPU.Build.0 = Release|Any CPU
		{1B11859E-C8F7-4A12-AFE3-8E794A4B497B}.Release|x64.ActiveCfg = Release|Any CPU
		{1B11859E-C8F7-4A12-AFE3-8E794A4B497B}.Release|x64.Build.0 = Release|Any CPU
		{1B11859E-C8F7-4A12-AFE3-8E794A4B497B}.Release|x86.ActiveCfg = Release|Any CPU
		{1B11859E-C8F7-4A12-AFE3-8E794A4B497B}.Release|x86.Build.0 = Release|Any CPU
		{4AFA409F-AAB2-4F29-AA8D-CBB910005B79}.Debug|Any CPU.ActiveCfg = Debug|Any CPU
		{4AFA409F-AAB2-4F29-AA8D-CBB910005B79}.Debug|Any CPU.Build.0 = Debug|Any CPU
		{4AFA409F-AAB2-4F29-AA8D-CBB910005B79}.Debug|x64.ActiveCfg = Debug|Any CPU
		{4AFA409F-AAB2-4F29-AA8D-CBB910005B79}.Debug|x64.Build.0 = Debug|Any CPU
		{4AFA409F-AAB2-4F29-AA8D-CBB910005B79}.Debug|x86.ActiveCfg = Debug|Any CPU
		{4AFA409F-AAB2-4F29-AA8D-CBB910005B79}.Debug|x86.Build.0 = Debug|Any CPU
		{4AFA409F-AAB2-4F29-AA8D-CBB910005B79}.Release|Any CPU.ActiveCfg = Release|Any CPU
		{4AFA409F-AAB2-4F29-AA8D-CBB910005B79}.Release|Any CPU.Build.0 = Release|Any CPU
		{4AFA409F-AAB2-4F29-AA8D-CBB910005B79}.Release|x64.ActiveCfg = Release|Any CPU
		{4AFA409F-AAB2-4F29-AA8D-CBB910005B79}.Release|x64.Build.0 = Release|Any CPU
		{4AFA409F-AAB2-4F29-AA8D-CBB910005B79}.Release|x86.ActiveCfg = Release|Any CPU
		{4AFA409F-AAB2-4F29-AA8D-CBB910005B79}.Release|x86.Build.0 = Release|Any CPU
		{877B9D8F-2AD3-47EB-902F-A142D8C08B03}.Debug|Any CPU.ActiveCfg = Debug|Any CPU
		{877B9D8F-2AD3-47EB-902F-A142D8C08B03}.Debug|Any CPU.Build.0 = Debug|Any CPU
		{877B9D8F-2AD3-47EB-902F-A142D8C08B03}.Debug|x64.ActiveCfg = Debug|Any CPU
		{877B9D8F-2AD3-47EB-902F-A142D8C08B03}.Debug|x64.Build.0 = Debug|Any CPU
		{877B9D8F-2AD3-47EB-902F-A142D8C08B03}.Debug|x86.ActiveCfg = Debug|Any CPU
		{877B9D8F-2AD3-47EB-902F-A142D8C08B03}.Debug|x86.Build.0 = Debug|Any CPU
		{877B9D8F-2AD3-47EB-902F-A142D8C08B03}.Release|Any CPU.ActiveCfg = Release|Any CPU
		{877B9D8F-2AD3-47EB-902F-A142D8C08B03}.Release|Any CPU.Build.0 = Release|Any CPU
		{877B9D8F-2AD3-47EB-902F-A142D8C08B03}.Release|x64.ActiveCfg = Release|Any CPU
		{877B9D8F-2AD3-47EB-902F-A142D8C08B03}.Release|x64.Build.0 = Release|Any CPU
		{877B9D8F-2AD3-47EB-902F-A142D8C08B03}.Release|x86.ActiveCfg = Release|Any CPU
		{877B9D8F-2AD3-47EB-902F-A142D8C08B03}.Release|x86.Build.0 = Release|Any CPU
	EndGlobalSection
	GlobalSection(SolutionProperties) = preSolution
		HideSolutionNode = FALSE
	EndGlobalSection
	GlobalSection(NestedProjects) = preSolution
		{2F4D10D5-3314-4E88-8F37-FD784FBCDAEF} = {827E0CD3-B72D-47B6-A68D-7590B98EB39B}
		{0EBF38B6-A2EB-4707-84C6-89E7896A79AD} = {827E0CD3-B72D-47B6-A68D-7590B98EB39B}
		{4B4F1734-D1B0-48A1-87BE-7E992F60C9D9} = {827E0CD3-B72D-47B6-A68D-7590B98EB39B}
		{B91881DF-4F7D-4C13-AF82-D32D9D1AC9EC} = {827E0CD3-B72D-47B6-A68D-7590B98EB39B}
		{1CF67EFF-A94A-45A8-8712-7898DE02191C} = {827E0CD3-B72D-47B6-A68D-7590B98EB39B}
		{A43CA3EE-E2F7-4124-983E-C16023007796} = {827E0CD3-B72D-47B6-A68D-7590B98EB39B}
		{1B11859E-C8F7-4A12-AFE3-8E794A4B497B} = {827E0CD3-B72D-47B6-A68D-7590B98EB39B}
		{4AFA409F-AAB2-4F29-AA8D-CBB910005B79} = {827E0CD3-B72D-47B6-A68D-7590B98EB39B}
		{877B9D8F-2AD3-47EB-902F-A142D8C08B03} = {827E0CD3-B72D-47B6-A68D-7590B98EB39B}
	EndGlobalSection
EndGlobal
